{
  "name": "fortell365",
  "version": "1.0.0",
  "lockfileVersion": 3,
  "requires": true,
  "packages": {
    "": {
      "name": "fortell365",
      "version": "1.0.0",
      "type": "module",
      "dependencies": {
        "@vitejs/plugin-react": "^4.3.4",
        "vite": "^6.0.1",
        "react": "^18.3.1",
        "react-dom": "^18.3.1",
        "react-router-dom": "^6.28.0"
      }
    },
    "node_modules/@vitejs/plugin-react": {
      "version": "4.3.4",
      "resolved": "https://registry.npmjs.org/@vitejs/plugin-react/-/plugin-react-4.3.4.tgz",
      "integrity": "sha512-jM9bwpV4U5Q5lZx0QyrjEM7p1xJZ6MhQ0KxUryR3uR7C7zX7zV5hR4n4f5jT0K0q8K9V5GZ6jY3qU1hO6lI8BA==",
      "dev": true,
      "dependencies": {
        "@babel/core": "^7.26.0",
        "@babel/plugin-transform-react-jsx": "^7.25.9",
        "@babel/plugin-transform-react-jsx-self": "^7.25.9",
        "@babel/plugin-transform-react-jsx-source": "^7.25.9",
        "@types/babel__core": "^7.20.5",
        "@types/react": "^18.3.12",
        "react-refresh": "^0.14.0",
        "vite": "^6.0.1"
      }
    }
  }
}